<?xml version="1.0" encoding="UTF-8" standalone="yes" ?>
<CodeBlocks_project_file>
	<FileVersion major="1" minor="6" />
	<Project>
		<Option title="GIFMaker" />
		<Option pch_mode="2" />
		<Option compiler="gcc" />
		<Build>
			<Target title="Debug">
				<Option output="bin/Debug/GIFMaker" prefix_auto="1" extension_auto="1" />
				<Option object_output="obj/Debug/" />
				<Option type="1" />
				<Option compiler="gcc" />
				<Compiler>
					<Add option="-g" />
				</Compiler>
				<Linker>
					<Add library="C:/Allegro/lib/liballegro-5.0.10-monolith-mt-debug.a" />
				</Linker>
			</Target>
			<Target title="Release">
				<Option output="bin/Release/GIFMaker" prefix_auto="1" extension_auto="1" />
				<Option object_output="obj/Release/" />
				<Option type="1" />
				<Option compiler="gcc" />
				<Compiler>
					<Add option="-O2" />
				</Compiler>
				<Linker>
					<Add option="-s" />
					<Add library="C:/Allegro/lib/liballegro-5.0.10-monolith-mt.a" />
				</Linker>
			</Target>
		</Build>
		<Compiler>
			<Add option="-Wall" />
			<Add option="-fexceptions" />
			<Add directory="C:/Allegro/include" />
		</Compiler>
		<Unit filename="AllegroTutorials.h" />
		<Unit filename="algif5src/algif.c">
			<Option compilerVar="CC" />
		</Unit>
		<Unit filename="algif5src/algif.h" />
		<Unit filename="algif5src/bitmap.c">
			<Option compilerVar="CC" />
		</Unit>
		<Unit filename="algif5src/example.c">
			<Option compilerVar="CC" />
		</Unit>
		<Unit filename="algif5src/gif.c">
			<Option compilerVar="CC" />
		</Unit>
		<Unit filename="algif5src/lzw.c">
			<Option compilerVar="CC" />
		</Unit>
		<Unit filename="main.cpp" />
		<Extensions>
			<code_completion />
			<envvars />
			<debugger />
			<lib_finder disable_auto="1" />
		</Extensions>
	</Project>
</CodeBlocks_project_file>
